
Microsoft Visual Studio Solution File, Format Version 12.00
# Visual Studio 15
VisualStudioVersion = 15.0.28307.136
MinimumVisualStudioVersion = 10.0.40219.1
Project("{FAE04EC0-301F-11D3-BF4B-00C04F79EFBC}") = "Azure3", "Azure3\Azure3.csproj", "{BCADFA83-8C57-4EDA-846C-111F52356A31}"
EndProject
Global
	GlobalSection(SolutionConfigurationPlatforms) = preSolution
		Debug|Any CPU = Debug|Any CPU
		Release|Any CPU = Release|Any CPU
	EndGlobalSection
	GlobalSection(ProjectConfigurationPlatforms) = postSolution
		{BCADFA83-8C57-4EDA-846C-111F52356A31}.Debug|Any CPU.ActiveCfg = Debug|Any CPU
		{BCADFA83-8C57-4EDA-846C-111F52356A31}.Debug|Any CPU.Build.0 = Debug|Any CPU
		{BCADFA83-8C57-4EDA-846C-111F52356A31}.Release|Any CPU.ActiveCfg = Release|Any CPU
		{BCADFA83-8C57-4EDA-846C-111F52356A31}.Release|Any CPU.Build.0 = Release|Any CPU
	EndGlobalSection
	GlobalSection(SolutionProperties) = preSolution
		HideSolutionNode = FALSE
	EndGlobalSection
	GlobalSection(ExtensibilityGlobals) = postSolution
		SolutionGuid = {D8149137-988D-4F2E-B5A0-2E8B7CEA90EA}
	EndGlobalSection
EndGlobal
